{
  "originHash" : "3565acea000946bb065539476c2ec36546cec9856a42044800630603e0d86b84",
  "pins" : [
    {
      "identity" : "phoros",
      "kind" : "remoteSourceControl",
      "location" : "https://github.com/kevinerikjs/phoros.git",
      "state" : {
        "revision" : "fafa794ae7bf4797a918d9496efcdcc897698e85",
        "version" : "1.4.0-beta.1"
      }
    },
    {
      "identity" : "sparkle",
      "kind" : "remoteSourceControl",
      "location" : "https://github.com/sparkle-project/Sparkle",
      "state" : {
        "revision" : "eef1a539a373c1f1a320624b1130fc5de7b2e100",
        "version" : "2.10.0"
      }
    }
  ],
  "version" : 3
}
